
Microsoft Visual Studio Solution File, Format Version 12.00
# Visual Studio Version 16
VisualStudioVersion = 16.0.31613.86
MinimumVisualStudioVersion = 10.0.40219.1
Project("{2150E333-8FDC-42A3-9474-1A3956D46DE8}") = "Microservices", "Microservices", "{E8EF8AD1-11A8-4261-B943-9BE27CB23215}"
EndProject
Project("{FAE04EC0-301F-11D3-BF4B-00C04F79EFBC}") = "Product.Microservice", "Product.Microservice\Product.Microservice.csproj", "{1A81D176-4289-4F34-BDF7-29B8397FD2C6}"
EndProject
Project("{FAE04EC0-301F-11D3-BF4B-00C04F79EFBC}") = "Customer.Microservice", "Customer.Microservice\Customer.Microservice.csproj", "{35A73D19-8021-41A7-8F76-E10B8C82A0E5}"
EndProject
Project("{FAE04EC0-301F-11D3-BF4B-00C04F79EFBC}") = "Gateway.WebApi", "Gateway.WebApi\Gateway.WebApi.csproj", "{14CDD649-2886-4EFF-8773-C0E003919041}"
EndProject
Project("{FAE04EC0-301F-11D3-BF4B-00C04F79EFBC}") = "Shared.Models", "Shared.Models\Shared.Models.csproj", "{9CC4BA70-B392-4053-89DC-4099E61D4A05}"
EndProject
Global
	GlobalSection(SolutionConfigurationPlatforms) = preSolution
		Debug|Any CPU = Debug|Any CPU
		Release|Any CPU = Release|Any CPU
	EndGlobalSection
	GlobalSection(ProjectConfigurationPlatforms) = postSolution
		{1A81D176-4289-4F34-BDF7-29B8397FD2C6}.Debug|Any CPU.ActiveCfg = Debug|Any CPU
		{1A81D176-4289-4F34-BDF7-29B8397FD2C6}.Debug|Any CPU.Build.0 = Debug|Any CPU
		{1A81D176-4289-4F34-BDF7-29B8397FD2C6}.Release|Any CPU.ActiveCfg = Release|Any CPU
		{1A81D176-4289-4F34-BDF7-29B8397FD2C6}.Release|Any CPU.Build.0 = Release|Any CPU
		{35A73D19-8021-41A7-8F76-E10B8C82A0E5}.Debug|Any CPU.ActiveCfg = Debug|Any CPU
		{35A73D19-8021-41A7-8F76-E10B8C82A0E5}.Debug|Any CPU.Build.0 = Debug|Any CPU
		{35A73D19-8021-41A7-8F76-E10B8C82A0E5}.Release|Any CPU.ActiveCfg = Release|Any CPU
		{35A73D19-8021-41A7-8F76-E10B8C82A0E5}.Release|Any CPU.Build.0 = Release|Any CPU
		{14CDD649-2886-4EFF-8773-C0E003919041}.Debug|Any CPU.ActiveCfg = Debug|Any CPU
		{14CDD649-2886-4EFF-8773-C0E003919041}.Debug|Any CPU.Build.0 = Debug|Any CPU
		{14CDD649-2886-4EFF-8773-C0E003919041}.Release|Any CPU.ActiveCfg = Release|Any CPU
		{14CDD649-2886-4EFF-8773-C0E003919041}.Release|Any CPU.Build.0 = Release|Any CPU
		{9CC4BA70-B392-4053-89DC-4099E61D4A05}.Debug|Any CPU.ActiveCfg = Debug|Any CPU
		{9CC4BA70-B392-4053-89DC-4099E61D4A05}.Debug|Any CPU.Build.0 = Debug|Any CPU
		{9CC4BA70-B392-4053-89DC-4099E61D4A05}.Release|Any CPU.ActiveCfg = Release|Any CPU
		{9CC4BA70-B392-4053-89DC-4099E61D4A05}.Release|Any CPU.Build.0 = Release|Any CPU
	EndGlobalSection
	GlobalSection(SolutionProperties) = preSolution
		HideSolutionNode = FALSE
	EndGlobalSection
	GlobalSection(NestedProjects) = preSolution
		{1A81D176-4289-4F34-BDF7-29B8397FD2C6} = {E8EF8AD1-11A8-4261-B943-9BE27CB23215}
		{35A73D19-8021-41A7-8F76-E10B8C82A0E5} = {E8EF8AD1-11A8-4261-B943-9BE27CB23215}
	EndGlobalSection
	GlobalSection(ExtensibilityGlobals) = postSolution
		SolutionGuid = {D18D6597-765D-4D7E-8161-ED950DC07D3E}
	EndGlobalSection
EndGlobal
